
Microsoft Visual Studio Solution File, Format Version 12.00
# Visual Studio Version 16
VisualStudioVersion = 16.0.31019.35
MinimumVisualStudioVersion = 10.0.40219.1
Project("{FAE04EC0-301F-11D3-BF4B-00C04F79EFBC}") = "Galgenraten.Core", "Galgenraten.Core\Galgenraten.Core.csproj", "{89C4D8B1-C946-40CB-BF02-DE786C7CE9BA}"
EndProject
Project("{FAE04EC0-301F-11D3-BF4B-00C04F79EFBC}") = "Galgenraten.Test", "Galgenraten.Test\Galgenraten.Test.csproj", "{7430376E-0F17-4E45-B03B-FCF15FF4369A}"
EndProject
Project("{FAE04EC0-301F-11D3-BF4B-00C04F79EFBC}") = "Galgenraten.WPF", "Galgenraten.WPF\Galgenraten.WPF.csproj", "{6BC69F2A-7300-43C5-B618-632D0E6A58DF}"
EndProject
Global
	GlobalSection(SolutionConfigurationPlatforms) = preSolution
		Debug|Any CPU = Debug|Any CPU
		Release|Any CPU = Release|Any CPU
	EndGlobalSection
	GlobalSection(ProjectConfigurationPlatforms) = postSolution
		{89C4D8B1-C946-40CB-BF02-DE786C7CE9BA}.Debug|Any CPU.ActiveCfg = Debug|Any CPU
		{89C4D8B1-C946-40CB-BF02-DE786C7CE9BA}.Debug|Any CPU.Build.0 = Debug|Any CPU
		{89C4D8B1-C946-40CB-BF02-DE786C7CE9BA}.Release|Any CPU.ActiveCfg = Release|Any CPU
		{89C4D8B1-C946-40CB-BF02-DE786C7CE9BA}.Release|Any CPU.Build.0 = Release|Any CPU
		{7430376E-0F17-4E45-B03B-FCF15FF4369A}.Debug|Any CPU.ActiveCfg = Debug|Any CPU
		{7430376E-0F17-4E45-B03B-FCF15FF4369A}.Debug|Any CPU.Build.0 = Debug|Any CPU
		{7430376E-0F17-4E45-B03B-FCF15FF4369A}.Release|Any CPU.ActiveCfg = Release|Any CPU
		{7430376E-0F17-4E45-B03B-FCF15FF4369A}.Release|Any CPU.Build.0 = Release|Any CPU
		{6BC69F2A-7300-43C5-B618-632D0E6A58DF}.Debug|Any CPU.ActiveCfg = Debug|Any CPU
		{6BC69F2A-7300-43C5-B618-632D0E6A58DF}.Debug|Any CPU.Build.0 = Debug|Any CPU
		{6BC69F2A-7300-43C5-B618-632D0E6A58DF}.Release|Any CPU.ActiveCfg = Release|Any CPU
		{6BC69F2A-7300-43C5-B618-632D0E6A58DF}.Release|Any CPU.Build.0 = Release|Any CPU
	EndGlobalSection
	GlobalSection(SolutionProperties) = preSolution
		HideSolutionNode = FALSE
	EndGlobalSection
	GlobalSection(ExtensibilityGlobals) = postSolution
		SolutionGuid = {000476AA-7792-4711-A050-8AD6DB5A6628}
	EndGlobalSection
EndGlobal
